{
  "object": {
    "pins": [
      {
        "package": "Formworks",
        "repositoryURL": "https://github.com/MyFormworks/Formworks.git",
        "state": {
          "branch": "master",
          "revision": "ec80102af2060928242b33b3d5675d8d26d9e02d",
          "version": null
        }
      }
    ]
  },
  "version": 1
}
