{
  "object": {
    "pins": [
      {
        "package": "Formworks",
        "repositoryURL": "https://github.com/MyFormworks/Formworks.git",
        "state": {
          "branch": "master",
          "revision": "8aff8ac39a19b221599406411ea7531b0a0cb841",
          "version": null
        }
      }
    ]
  },
  "version": 1
}
