{
  "object": {
    "pins": [
      {
        "package": "Formworks",
        "repositoryURL": "https://github.com/MyFormworks/Formworks.git",
        "state": {
          "branch": null,
          "revision": "ae4fc603ac245c7b52d783db7efe83c590c57586",
          "version": "1.0.0"
        }
      }
    ]
  },
  "version": 1
}
